
Microsoft Visual Studio Solution File, Format Version 12.00
# Visual Studio Version 17
VisualStudioVersion = 17.14.36414.22 d17.14
MinimumVisualStudioVersion = 10.0.40219.1
Project("{FAE04EC0-301F-11D3-BF4B-00C04F79EFBC}") = "Herramientascs", "Herramientascs\Herramientascs.csproj", "{3490BCD8-C2AB-4FED-868D-508B2FCB1CCB}"
EndProject
Global
	GlobalSection(SolutionConfigurationPlatforms) = preSolution
		Debug|Any CPU = Debug|Any CPU
		Release|Any CPU = Release|Any CPU
	EndGlobalSection
	GlobalSection(ProjectConfigurationPlatforms) = postSolution
		{3490BCD8-C2AB-4FED-868D-508B2FCB1CCB}.Debug|Any CPU.ActiveCfg = Debug|Any CPU
		{3490BCD8-C2AB-4FED-868D-508B2FCB1CCB}.Debug|Any CPU.Build.0 = Debug|Any CPU
		{3490BCD8-C2AB-4FED-868D-508B2FCB1CCB}.Release|Any CPU.ActiveCfg = Release|Any CPU
		{3490BCD8-C2AB-4FED-868D-508B2FCB1CCB}.Release|Any CPU.Build.0 = Release|Any CPU
	EndGlobalSection
	GlobalSection(SolutionProperties) = preSolution
		HideSolutionNode = FALSE
	EndGlobalSection
	GlobalSection(ExtensibilityGlobals) = postSolution
		SolutionGuid = {BB6097F6-AAC6-4049-B9C5-7917ED1C187A}
	EndGlobalSection
EndGlobal
