
Microsoft Visual Studio Solution File, Format Version 12.00
# Visual Studio Version 17
VisualStudioVersion = 17.14.36414.22 d17.14
MinimumVisualStudioVersion = 10.0.40219.1
Project("{FAE04EC0-301F-11D3-BF4B-00C04F79EFBC}") = "Krapekar", "Krapekar\Krapekar.csproj", "{4FEE7982-E45E-4435-9B77-AB74200AD070}"
EndProject
Global
	GlobalSection(SolutionConfigurationPlatforms) = preSolution
		Debug|Any CPU = Debug|Any CPU
		Release|Any CPU = Release|Any CPU
	EndGlobalSection
	GlobalSection(ProjectConfigurationPlatforms) = postSolution
		{4FEE7982-E45E-4435-9B77-AB74200AD070}.Debug|Any CPU.ActiveCfg = Debug|Any CPU
		{4FEE7982-E45E-4435-9B77-AB74200AD070}.Debug|Any CPU.Build.0 = Debug|Any CPU
		{4FEE7982-E45E-4435-9B77-AB74200AD070}.Release|Any CPU.ActiveCfg = Release|Any CPU
		{4FEE7982-E45E-4435-9B77-AB74200AD070}.Release|Any CPU.Build.0 = Release|Any CPU
	EndGlobalSection
	GlobalSection(SolutionProperties) = preSolution
		HideSolutionNode = FALSE
	EndGlobalSection
	GlobalSection(ExtensibilityGlobals) = postSolution
		SolutionGuid = {B914DA6C-7C9F-4695-B8A3-81A51E4B7EEB}
	EndGlobalSection
EndGlobal
