
Microsoft Visual Studio Solution File, Format Version 12.00
# Visual Studio Version 17
VisualStudioVersion = 17.14.36414.22 d17.14
MinimumVisualStudioVersion = 10.0.40219.1
Project("{FAE04EC0-301F-11D3-BF4B-00C04F79EFBC}") = "Complejos", "Complejos\Complejos.csproj", "{3EA5A1EC-BB16-4FB2-9B48-F8C0A309BCFD}"
EndProject
Global
	GlobalSection(SolutionConfigurationPlatforms) = preSolution
		Debug|Any CPU = Debug|Any CPU
		Release|Any CPU = Release|Any CPU
	EndGlobalSection
	GlobalSection(ProjectConfigurationPlatforms) = postSolution
		{3EA5A1EC-BB16-4FB2-9B48-F8C0A309BCFD}.Debug|Any CPU.ActiveCfg = Debug|Any CPU
		{3EA5A1EC-BB16-4FB2-9B48-F8C0A309BCFD}.Debug|Any CPU.Build.0 = Debug|Any CPU
		{3EA5A1EC-BB16-4FB2-9B48-F8C0A309BCFD}.Release|Any CPU.ActiveCfg = Release|Any CPU
		{3EA5A1EC-BB16-4FB2-9B48-F8C0A309BCFD}.Release|Any CPU.Build.0 = Release|Any CPU
	EndGlobalSection
	GlobalSection(SolutionProperties) = preSolution
		HideSolutionNode = FALSE
	EndGlobalSection
	GlobalSection(ExtensibilityGlobals) = postSolution
		SolutionGuid = {49988B62-30AB-4B36-A48D-8E5931D020A5}
	EndGlobalSection
EndGlobal
