
Microsoft Visual Studio Solution File, Format Version 12.00
# Visual Studio Version 17
VisualStudioVersion = 17.14.36414.22 d17.14
MinimumVisualStudioVersion = 10.0.40219.1
Project("{FAE04EC0-301F-11D3-BF4B-00C04F79EFBC}") = "ConsoleApp1", "ConsoleApp1\ConsoleApp1.csproj", "{66B9E9BE-AE33-4C6F-A505-A49D60187D60}"
EndProject
Global
	GlobalSection(SolutionConfigurationPlatforms) = preSolution
		Debug|Any CPU = Debug|Any CPU
		Release|Any CPU = Release|Any CPU
	EndGlobalSection
	GlobalSection(ProjectConfigurationPlatforms) = postSolution
		{66B9E9BE-AE33-4C6F-A505-A49D60187D60}.Debug|Any CPU.ActiveCfg = Debug|Any CPU
		{66B9E9BE-AE33-4C6F-A505-A49D60187D60}.Debug|Any CPU.Build.0 = Debug|Any CPU
		{66B9E9BE-AE33-4C6F-A505-A49D60187D60}.Release|Any CPU.ActiveCfg = Release|Any CPU
		{66B9E9BE-AE33-4C6F-A505-A49D60187D60}.Release|Any CPU.Build.0 = Release|Any CPU
	EndGlobalSection
	GlobalSection(SolutionProperties) = preSolution
		HideSolutionNode = FALSE
	EndGlobalSection
	GlobalSection(ExtensibilityGlobals) = postSolution
		SolutionGuid = {84A8B2FE-CE22-456D-80A6-2B63F0D08E94}
	EndGlobalSection
EndGlobal
